{
  "version": "3",
  "packages": {
    "specifiers": {
      "jsr:@core/unknownutil@^3.17.2": "jsr:@core/unknownutil@3.18.1",
      "jsr:@core/unknownutil@^3.18.0": "jsr:@core/unknownutil@3.18.1",
      "jsr:@core/unknownutil@^4.0.0": "jsr:@core/unknownutil@4.2.0",
      "jsr:@denops/core@^7.0.0": "jsr:@denops/core@7.0.1",
      "jsr:@denops/vim-channel-command@^4.0.2": "jsr:@denops/vim-channel-command@4.0.2",
      "jsr:@lambdalisue/errorutil@^1.1.0": "jsr:@lambdalisue/errorutil@1.1.1",
      "jsr:@lambdalisue/indexer@^1.0.0": "jsr:@lambdalisue/indexer@1.0.0",
      "jsr:@lambdalisue/messagepack-rpc@^2.4.0": "jsr:@lambdalisue/messagepack-rpc@2.4.0",
      "jsr:@lambdalisue/messagepack@^1.0.1": "jsr:@lambdalisue/messagepack@1.0.1",
      "jsr:@lambdalisue/reservator@^1.0.1": "jsr:@lambdalisue/reservator@1.0.1",
      "jsr:@lambdalisue/streamtools@^1.0.0": "jsr:@lambdalisue/streamtools@1.0.1",
      "jsr:@lambdalisue/workerio@^4.0.1": "jsr:@lambdalisue/workerio@4.0.1",
      "jsr:@milly/async-signal@^1.0.0": "jsr:@milly/async-signal@1.0.1",
      "jsr:@std/assert@^0.224.0": "jsr:@std/assert@0.224.0",
      "jsr:@std/async@^1.0.1": "jsr:@std/async@1.0.3",
      "jsr:@std/bytes@^0.221.0": "jsr:@std/bytes@0.221.0",
      "jsr:@std/cli@0.224.0": "jsr:@std/cli@0.224.0",
      "jsr:@std/cli@^0.224.0": "jsr:@std/cli@0.224.0",
      "jsr:@std/cli@^1.0.1": "jsr:@std/cli@1.0.3",
      "jsr:@std/fs@0.224.0": "jsr:@std/fs@0.224.0",
      "jsr:@std/fs@^0.224.0": "jsr:@std/fs@0.224.0",
      "jsr:@std/path@0.224.0": "jsr:@std/path@0.224.0",
      "jsr:@std/path@^0.224.0": "jsr:@std/path@0.224.0",
      "jsr:@std/path@^1.0.2": "jsr:@std/path@1.0.2",
      "jsr:@std/semver@^0.224.3": "jsr:@std/semver@0.224.3",
      "npm:@streamparser/json@^0.0.21": "npm:@streamparser/json@0.0.21",
      "npm:msgpackr@^1.10.1": "npm:msgpackr@1.11.0"
    },
    "jsr": {
      "@core/unknownutil@3.18.1": {
        "integrity": "6aaa108b623ff971d062dd345da7ca03b97f61ae3d29c8677bff14fec11f0d76"
      },
      "@core/unknownutil@4.2.0": {
        "integrity": "cc0609f2e9fcfd68783c8c34d588261464114770d83047e93eaa1e13732aaedb"
      },
      "@denops/core@7.0.1": {
        "integrity": "ede39eec60de6d5bf0fbc0337d3e420a9689cc48afea8c71752e6c0fb630bde0"
      },
      "@denops/vim-channel-command@4.0.2": {
        "integrity": "8f574f9beb2fa766dd97e189cf4a4405c07f62443a766f0b8c37796c974cf772",
        "dependencies": [
          "jsr:@lambdalisue/indexer@^1.0.0",
          "jsr:@lambdalisue/reservator@^1.0.1",
          "jsr:@lambdalisue/streamtools@^1.0.0",
          "npm:@streamparser/json@^0.0.21"
        ]
      },
      "@lambdalisue/errorutil@1.1.1": {
        "integrity": "d0234a8a510da52f130c44698643b7f420f332ef2ffce1451415925b14f5f63f",
        "dependencies": [
          "jsr:@core/unknownutil@^3.18.0"
        ]
      },
      "@lambdalisue/indexer@1.0.0": {
        "integrity": "f1dbbca13a0cb3b8d87533f3ac807ba2881107e28a7eb7eb85ac1b1c5d6a5c42"
      },
      "@lambdalisue/messagepack-rpc@2.4.0": {
        "integrity": "51b9aabe1ce88c3309e12fa834f2a8340ffcd0611f53ea012d28c8f9328ea7d2",
        "dependencies": [
          "jsr:@core/unknownutil@^3.17.2",
          "jsr:@lambdalisue/indexer@^1.0.0",
          "jsr:@lambdalisue/messagepack@^1.0.1",
          "jsr:@lambdalisue/reservator@^1.0.1",
          "jsr:@lambdalisue/streamtools@^1.0.0"
        ]
      },
      "@lambdalisue/messagepack@1.0.1": {
        "integrity": "e35888d9ac295826f24234f10f7ef660c890b506eb09fac1f7509798e94c525a",
        "dependencies": [
          "jsr:@std/bytes@^0.221.0",
          "npm:msgpackr@^1.10.1"
        ]
      },
      "@lambdalisue/reservator@1.0.1": {
        "integrity": "daf9189747c5cb2ad49e42ad3c65ec367684e1765ebb856a0ad6d754b3e650c4"
      },
      "@lambdalisue/streamtools@1.0.1": {
        "integrity": "8bc2fdeefa7131911b19b53dc5eb9c10c68ed4bf9e9de8bd5ed0c27f83953516",
        "dependencies": [
          "jsr:@std/bytes@^0.221.0"
        ]
      },
      "@lambdalisue/workerio@4.0.1": {
        "integrity": "415899635e6d5e53ca0ed25c6ff18670cd3f9c00c8051dce9bc0b37a76507144"
      },
      "@milly/async-signal@1.0.1": {
        "integrity": "80a9641a2005974d392c8e3e330bcb33072c3d20fbf699c7c6452b0d5aa50a12"
      },
      "@std/assert@0.224.0": {
        "integrity": "8643233ec7aec38a940a8264a6e3eed9bfa44e7a71cc6b3c8874213ff401967f"
      },
      "@std/async@1.0.3": {
        "integrity": "6ed64678db43451683c6c176a21426a2ccd21ba0269ebb2c36133ede3f165792"
      },
      "@std/bytes@0.221.0": {
        "integrity": "64a047011cf833890a4a2ab7293ac55a1b4f5a050624ebc6a0159c357de91966"
      },
      "@std/cli@0.224.0": {
        "integrity": "2612373d68984637bdad8b9c9dd160e9838ac2a6d463354d537d2897a7cc6d1c",
        "dependencies": [
          "jsr:@std/assert@^0.224.0"
        ]
      },
      "@std/cli@1.0.3": {
        "integrity": "9a0488b5d2e58d29dce106a941eecec7181fae996bf0d2225563f1ca7e4b100c"
      },
      "@std/fs@0.224.0": {
        "integrity": "52a5ec89731ac0ca8f971079339286f88c571a4d61686acf75833f03a89d8e69",
        "dependencies": [
          "jsr:@std/path@^0.224.0"
        ]
      },
      "@std/path@0.224.0": {
        "integrity": "55bca6361e5a6d158b9380e82d4981d82d338ec587de02951e2b7c3a24910ee6",
        "dependencies": [
          "jsr:@std/assert@^0.224.0"
        ]
      },
      "@std/path@1.0.2": {
        "integrity": "a452174603f8c620bd278a380c596437a9eef50c891c64b85812f735245d9ec7"
      },
      "@std/semver@0.224.3": {
        "integrity": "7bb34b5ad46de2c0c73de0ca3e30081ef64b4361f66abd57c84ff1011c6a1233"
      }
    },
    "npm": {
      "@msgpackr-extract/msgpackr-extract-darwin-arm64@3.0.3": {
        "integrity": "sha512-QZHtlVgbAdy2zAqNA9Gu1UpIuI8Xvsd1v8ic6B2pZmeFnFcMWiPLfWXh7TVw4eGEZ/C9TH281KwhVoeQUKbyjw==",
        "dependencies": {}
      },
      "@msgpackr-extract/msgpackr-extract-darwin-x64@3.0.3": {
        "integrity": "sha512-mdzd3AVzYKuUmiWOQ8GNhl64/IoFGol569zNRdkLReh6LRLHOXxU4U8eq0JwaD8iFHdVGqSy4IjFL4reoWCDFw==",
        "dependencies": {}
      },
      "@msgpackr-extract/msgpackr-extract-linux-arm64@3.0.3": {
        "integrity": "sha512-YxQL+ax0XqBJDZiKimS2XQaf+2wDGVa1enVRGzEvLLVFeqa5kx2bWbtcSXgsxjQB7nRqqIGFIcLteF/sHeVtQg==",
        "dependencies": {}
      },
      "@msgpackr-extract/msgpackr-extract-linux-arm@3.0.3": {
        "integrity": "sha512-fg0uy/dG/nZEXfYilKoRe7yALaNmHoYeIoJuJ7KJ+YyU2bvY8vPv27f7UKhGRpY6euFYqEVhxCFZgAUNQBM3nw==",
        "dependencies": {}
      },
      "@msgpackr-extract/msgpackr-extract-linux-x64@3.0.3": {
        "integrity": "sha512-cvwNfbP07pKUfq1uH+S6KJ7dT9K8WOE4ZiAcsrSes+UY55E/0jLYc+vq+DO7jlmqRb5zAggExKm0H7O/CBaesg==",
        "dependencies": {}
      },
      "@msgpackr-extract/msgpackr-extract-win32-x64@3.0.3": {
        "integrity": "sha512-x0fWaQtYp4E6sktbsdAqnehxDgEc/VwM7uLsRCYWaiGu0ykYdZPiS8zCWdnjHwyiumousxfBm4SO31eXqwEZhQ==",
        "dependencies": {}
      },
      "@streamparser/json@0.0.21": {
        "integrity": "sha512-v+49JBiG1kmc/9Ug79Lz9wyKaRocBgCnpRaLpdy7p0d3ICKtOAfc/H/Epa1j3F6YdnzjnZKKrnJ8xnh/v1P8Aw==",
        "dependencies": {}
      },
      "detect-libc@2.0.3": {
        "integrity": "sha512-bwy0MGW55bG41VqxxypOsdSdGqLwXPI/focwgTYCFMbdUiBAxLg9CFzG08sz2aqzknwiX7Hkl0bQENjg8iLByw==",
        "dependencies": {}
      },
      "msgpackr-extract@3.0.3": {
        "integrity": "sha512-P0efT1C9jIdVRefqjzOQ9Xml57zpOXnIuS+csaB4MdZbTdmGDLo8XhzBG1N7aO11gKDDkJvBLULeFTo46wwreA==",
        "dependencies": {
          "@msgpackr-extract/msgpackr-extract-darwin-arm64": "@msgpackr-extract/msgpackr-extract-darwin-arm64@3.0.3",
          "@msgpackr-extract/msgpackr-extract-darwin-x64": "@msgpackr-extract/msgpackr-extract-darwin-x64@3.0.3",
          "@msgpackr-extract/msgpackr-extract-linux-arm": "@msgpackr-extract/msgpackr-extract-linux-arm@3.0.3",
          "@msgpackr-extract/msgpackr-extract-linux-arm64": "@msgpackr-extract/msgpackr-extract-linux-arm64@3.0.3",
          "@msgpackr-extract/msgpackr-extract-linux-x64": "@msgpackr-extract/msgpackr-extract-linux-x64@3.0.3",
          "@msgpackr-extract/msgpackr-extract-win32-x64": "@msgpackr-extract/msgpackr-extract-win32-x64@3.0.3",
          "node-gyp-build-optional-packages": "node-gyp-build-optional-packages@5.2.2"
        }
      },
      "msgpackr@1.11.0": {
        "integrity": "sha512-I8qXuuALqJe5laEBYoFykChhSXLikZmUhccjGsPuSJ/7uPip2TJ7lwdIQwWSAi0jGZDXv4WOP8Qg65QZRuXxXw==",
        "dependencies": {
          "msgpackr-extract": "msgpackr-extract@3.0.3"
        }
      },
      "node-gyp-build-optional-packages@5.2.2": {
        "integrity": "sha512-s+w+rBWnpTMwSFbaE0UXsRlg7hU4FjekKU4eyAih5T8nJuNZT1nNsskXpxmeqSK9UzkBl6UgRlnKc8hz8IEqOw==",
        "dependencies": {
          "detect-libc": "detect-libc@2.0.3"
        }
      }
    }
  },
  "remote": {},
  "workspace": {
    "dependencies": [
      "jsr:@std/cli@^0.224.0",
      "jsr:@std/fs@^0.224.0",
      "jsr:@std/path@^0.224.0"
    ]
  }
}
